
Microsoft Visual Studio Solution File, Format Version 12.00
# Visual Studio Version 16
VisualStudioVersion = 16.0.28922.388
MinimumVisualStudioVersion = 10.0.40219.1
Project("{FAE04EC0-301F-11D3-BF4B-00C04F79EFBC}") = "SimpleAudioBooksPlayer", "SimpleAudioBooksPlayer\SimpleAudioBooksPlayer.csproj", "{8334C951-FFFA-4E8E-B3E9-D4AAE6D80088}"
EndProject
Project("{9A19103F-16F7-4668-BE54-9A1E7A4F7556}") = "SimpleAudioBooksPlayer.DAL", "SimpleAudioBooksPlayer.DAL\SimpleAudioBooksPlayer.DAL.csproj", "{1411DA69-AEC1-41C4-BD1E-8838897F0974}"
EndProject
Project("{9A19103F-16F7-4668-BE54-9A1E7A4F7556}") = "SimpleAudioBooksPlayer.Migrations.Startup", "SimpleAudioBooksPlayer.Migrations.Startup\SimpleAudioBooksPlayer.Migrations.Startup.csproj", "{EE143C1C-0767-4966-A275-D2F40165B9A3}"
EndProject
Project("{FAE04EC0-301F-11D3-BF4B-00C04F79EFBC}") = "SimpleAudioBooksPlayer.DAL.Factory", "SimpleAudioBooksPlayer.DAL.Factory\SimpleAudioBooksPlayer.DAL.Factory.csproj", "{C6B6DF71-3303-42D0-B67A-069AFC043C5E}"
EndProject
Project("{FAE04EC0-301F-11D3-BF4B-00C04F79EFBC}") = "SimpleAudioBooksPlayer.Service", "SimpleAudioBooksPlayer.Service\SimpleAudioBooksPlayer.Service.csproj", "{A640913A-EB88-40D4-9DAA-028D7B56E218}"
EndProject
Project("{FAE04EC0-301F-11D3-BF4B-00C04F79EFBC}") = "SimpleAudioBooksPlayer.Log", "SimpleAudioBooksPlayer.Log\SimpleAudioBooksPlayer.Log.csproj", "{197A805C-9924-46C7-90D1-A9334B4A386D}"
EndProject
Global
	GlobalSection(SolutionConfigurationPlatforms) = preSolution
		Debug|Any CPU = Debug|Any CPU
		Debug|ARM = Debug|ARM
		Debug|ARM64 = Debug|ARM64
		Debug|x64 = Debug|x64
		Debug|x86 = Debug|x86
		Release|Any CPU = Release|Any CPU
		Release|ARM = Release|ARM
		Release|ARM64 = Release|ARM64
		Release|x64 = Release|x64
		Release|x86 = Release|x86
	EndGlobalSection
	GlobalSection(ProjectConfigurationPlatforms) = postSolution
		{8334C951-FFFA-4E8E-B3E9-D4AAE6D80088}.Debug|Any CPU.ActiveCfg = Debug|x86
		{8334C951-FFFA-4E8E-B3E9-D4AAE6D80088}.Debug|ARM.ActiveCfg = Debug|ARM
		{8334C951-FFFA-4E8E-B3E9-D4AAE6D80088}.Debug|ARM.Build.0 = Debug|ARM
		{8334C951-FFFA-4E8E-B3E9-D4AAE6D80088}.Debug|ARM.Deploy.0 = Debug|ARM
		{8334C951-FFFA-4E8E-B3E9-D4AAE6D80088}.Debug|ARM64.ActiveCfg = Debug|ARM64
		{8334C951-FFFA-4E8E-B3E9-D4AAE6D80088}.Debug|ARM64.Build.0 = Debug|ARM64
		{8334C951-FFFA-4E8E-B3E9-D4AAE6D80088}.Debug|ARM64.Deploy.0 = Debug|ARM64
		{8334C951-FFFA-4E8E-B3E9-D4AAE6D80088}.Debug|x64.ActiveCfg = Debug|x64
		{8334C951-FFFA-4E8E-B3E9-D4AAE6D80088}.Debug|x64.Build.0 = Debug|x64
		{8334C951-FFFA-4E8E-B3E9-D4AAE6D80088}.Debug|x64.Deploy.0 = Debug|x64
		{8334C951-FFFA-4E8E-B3E9-D4AAE6D80088}.Debug|x86.ActiveCfg = Debug|x86
		{8334C951-FFFA-4E8E-B3E9-D4AAE6D80088}.Debug|x86.Build.0 = Debug|x86
		{8334C951-FFFA-4E8E-B3E9-D4AAE6D80088}.Debug|x86.Deploy.0 = Debug|x86
		{8334C951-FFFA-4E8E-B3E9-D4AAE6D80088}.Release|Any CPU.ActiveCfg = Release|x86
		{8334C951-FFFA-4E8E-B3E9-D4AAE6D80088}.Release|ARM.ActiveCfg = Release|ARM
		{8334C951-FFFA-4E8E-B3E9-D4AAE6D80088}.Release|ARM.Build.0 = Release|ARM
		{8334C951-FFFA-4E8E-B3E9-D4AAE6D80088}.Release|ARM.Deploy.0 = Release|ARM
		{8334C951-FFFA-4E8E-B3E9-D4AAE6D80088}.Release|ARM64.ActiveCfg = Release|ARM64
		{8334C951-FFFA-4E8E-B3E9-D4AAE6D80088}.Release|ARM64.Build.0 = Release|ARM64
		{8334C951-FFFA-4E8E-B3E9-D4AAE6D80088}.Release|ARM64.Deploy.0 = Release|ARM64
		{8334C951-FFFA-4E8E-B3E9-D4AAE6D80088}.Release|x64.ActiveCfg = Release|x64
		{8334C951-FFFA-4E8E-B3E9-D4AAE6D80088}.Release|x64.Build.0 = Release|x64
		{8334C951-FFFA-4E8E-B3E9-D4AAE6D80088}.Release|x64.Deploy.0 = Release|x64
		{8334C951-FFFA-4E8E-B3E9-D4AAE6D80088}.Release|x86.ActiveCfg = Release|x86
		{8334C951-FFFA-4E8E-B3E9-D4AAE6D80088}.Release|x86.Build.0 = Release|x86
		{8334C951-FFFA-4E8E-B3E9-D4AAE6D80088}.Release|x86.Deploy.0 = Release|x86
		{1411DA69-AEC1-41C4-BD1E-8838897F0974}.Debug|Any CPU.ActiveCfg = Debug|Any CPU
		{1411DA69-AEC1-41C4-BD1E-8838897F0974}.Debug|Any CPU.Build.0 = Debug|Any CPU
		{1411DA69-AEC1-41C4-BD1E-8838897F0974}.Debug|ARM.ActiveCfg = Debug|Any CPU
		{1411DA69-AEC1-41C4-BD1E-8838897F0974}.Debug|ARM.Build.0 = Debug|Any CPU
		{1411DA69-AEC1-41C4-BD1E-8838897F0974}.Debug|ARM64.ActiveCfg = Debug|Any CPU
		{1411DA69-AEC1-41C4-BD1E-8838897F0974}.Debug|ARM64.Build.0 = Debug|Any CPU
		{1411DA69-AEC1-41C4-BD1E-8838897F0974}.Debug|x64.ActiveCfg = Debug|Any CPU
		{1411DA69-AEC1-41C4-BD1E-8838897F0974}.Debug|x64.Build.0 = Debug|Any CPU
		{1411DA69-AEC1-41C4-BD1E-8838897F0974}.Debug|x86.ActiveCfg = Debug|Any CPU
		{1411DA69-AEC1-41C4-BD1E-8838897F0974}.Debug|x86.Build.0 = Debug|Any CPU
		{1411DA69-AEC1-41C4-BD1E-8838897F0974}.Release|Any CPU.ActiveCfg = Release|Any CPU
		{1411DA69-AEC1-41C4-BD1E-8838897F0974}.Release|Any CPU.Build.0 = Release|Any CPU
		{1411DA69-AEC1-41C4-BD1E-8838897F0974}.Release|ARM.ActiveCfg = Release|Any CPU
		{1411DA69-AEC1-41C4-BD1E-8838897F0974}.Release|ARM.Build.0 = Release|Any CPU
		{1411DA69-AEC1-41C4-BD1E-8838897F0974}.Release|ARM64.ActiveCfg = Release|Any CPU
		{1411DA69-AEC1-41C4-BD1E-8838897F0974}.Release|ARM64.Build.0 = Release|Any CPU
		{1411DA69-AEC1-41C4-BD1E-8838897F0974}.Release|x64.ActiveCfg = Release|Any CPU
		{1411DA69-AEC1-41C4-BD1E-8838897F0974}.Release|x64.Build.0 = Release|Any CPU
		{1411DA69-AEC1-41C4-BD1E-8838897F0974}.Release|x86.ActiveCfg = Release|Any CPU
		{1411DA69-AEC1-41C4-BD1E-8838897F0974}.Release|x86.Build.0 = Release|Any CPU
		{EE143C1C-0767-4966-A275-D2F40165B9A3}.Debug|Any CPU.ActiveCfg = Debug|Any CPU
		{EE143C1C-0767-4966-A275-D2F40165B9A3}.Debug|Any CPU.Build.0 = Debug|Any CPU
		{EE143C1C-0767-4966-A275-D2F40165B9A3}.Debug|ARM.ActiveCfg = Debug|Any CPU
		{EE143C1C-0767-4966-A275-D2F40165B9A3}.Debug|ARM.Build.0 = Debug|Any CPU
		{EE143C1C-0767-4966-A275-D2F40165B9A3}.Debug|ARM64.ActiveCfg = Debug|Any CPU
		{EE143C1C-0767-4966-A275-D2F40165B9A3}.Debug|ARM64.Build.0 = Debug|Any CPU
		{EE143C1C-0767-4966-A275-D2F40165B9A3}.Debug|x64.ActiveCfg = Debug|Any CPU
		{EE143C1C-0767-4966-A275-D2F40165B9A3}.Debug|x64.Build.0 = Debug|Any CPU
		{EE143C1C-0767-4966-A275-D2F40165B9A3}.Debug|x86.ActiveCfg = Debug|Any CPU
		{EE143C1C-0767-4966-A275-D2F40165B9A3}.Debug|x86.Build.0 = Debug|Any CPU
		{EE143C1C-0767-4966-A275-D2F40165B9A3}.Release|Any CPU.ActiveCfg = Release|Any CPU
		{EE143C1C-0767-4966-A275-D2F40165B9A3}.Release|Any CPU.Build.0 = Release|Any CPU
		{EE143C1C-0767-4966-A275-D2F40165B9A3}.Release|ARM.ActiveCfg = Release|Any CPU
		{EE143C1C-0767-4966-A275-D2F40165B9A3}.Release|ARM.Build.0 = Release|Any CPU
		{EE143C1C-0767-4966-A275-D2F40165B9A3}.Release|ARM64.ActiveCfg = Release|Any CPU
		{EE143C1C-0767-4966-A275-D2F40165B9A3}.Release|ARM64.Build.0 = Release|Any CPU
		{EE143C1C-0767-4966-A275-D2F40165B9A3}.Release|x64.ActiveCfg = Release|Any CPU
		{EE143C1C-0767-4966-A275-D2F40165B9A3}.Release|x64.Build.0 = Release|Any CPU
		{EE143C1C-0767-4966-A275-D2F40165B9A3}.Release|x86.ActiveCfg = Release|Any CPU
		{EE143C1C-0767-4966-A275-D2F40165B9A3}.Release|x86.Build.0 = Release|Any CPU
		{C6B6DF71-3303-42D0-B67A-069AFC043C5E}.Debug|Any CPU.ActiveCfg = Debug|Any CPU
		{C6B6DF71-3303-42D0-B67A-069AFC043C5E}.Debug|Any CPU.Build.0 = Debug|Any CPU
		{C6B6DF71-3303-42D0-B67A-069AFC043C5E}.Debug|ARM.ActiveCfg = Debug|ARM
		{C6B6DF71-3303-42D0-B67A-069AFC043C5E}.Debug|ARM.Build.0 = Debug|ARM
		{C6B6DF71-3303-42D0-B67A-069AFC043C5E}.Debug|ARM64.ActiveCfg = Debug|ARM64
		{C6B6DF71-3303-42D0-B67A-069AFC043C5E}.Debug|ARM64.Build.0 = Debug|ARM64
		{C6B6DF71-3303-42D0-B67A-069AFC043C5E}.Debug|x64.ActiveCfg = Debug|x64
		{C6B6DF71-3303-42D0-B67A-069AFC043C5E}.Debug|x64.Build.0 = Debug|x64
		{C6B6DF71-3303-42D0-B67A-069AFC043C5E}.Debug|x86.ActiveCfg = Debug|x86
		{C6B6DF71-3303-42D0-B67A-069AFC043C5E}.Debug|x86.Build.0 = Debug|x86
		{C6B6DF71-3303-42D0-B67A-069AFC043C5E}.Release|Any CPU.ActiveCfg = Release|Any CPU
		{C6B6DF71-3303-42D0-B67A-069AFC043C5E}.Release|Any CPU.Build.0 = Release|Any CPU
		{C6B6DF71-3303-42D0-B67A-069AFC043C5E}.Release|ARM.ActiveCfg = Release|ARM
		{C6B6DF71-3303-42D0-B67A-069AFC043C5E}.Release|ARM.Build.0 = Release|ARM
		{C6B6DF71-3303-42D0-B67A-069AFC043C5E}.Release|ARM64.ActiveCfg = Release|ARM64
		{C6B6DF71-3303-42D0-B67A-069AFC043C5E}.Release|ARM64.Build.0 = Release|ARM64
		{C6B6DF71-3303-42D0-B67A-069AFC043C5E}.Release|x64.ActiveCfg = Release|x64
		{C6B6DF71-3303-42D0-B67A-069AFC043C5E}.Release|x64.Build.0 = Release|x64
		{C6B6DF71-3303-42D0-B67A-069AFC043C5E}.Release|x86.ActiveCfg = Release|x86
		{C6B6DF71-3303-42D0-B67A-069AFC043C5E}.Release|x86.Build.0 = Release|x86
		{A640913A-EB88-40D4-9DAA-028D7B56E218}.Debug|Any CPU.ActiveCfg = Debug|Any CPU
		{A640913A-EB88-40D4-9DAA-028D7B56E218}.Debug|Any CPU.Build.0 = Debug|Any CPU
		{A640913A-EB88-40D4-9DAA-028D7B56E218}.Debug|ARM.ActiveCfg = Debug|ARM
		{A640913A-EB88-40D4-9DAA-028D7B56E218}.Debug|ARM.Build.0 = Debug|ARM
		{A640913A-EB88-40D4-9DAA-028D7B56E218}.Debug|ARM64.ActiveCfg = Debug|ARM64
		{A640913A-EB88-40D4-9DAA-028D7B56E218}.Debug|ARM64.Build.0 = Debug|ARM64
		{A640913A-EB88-40D4-9DAA-028D7B56E218}.Debug|x64.ActiveCfg = Debug|x64
		{A640913A-EB88-40D4-9DAA-028D7B56E218}.Debug|x64.Build.0 = Debug|x64
		{A640913A-EB88-40D4-9DAA-028D7B56E218}.Debug|x86.ActiveCfg = Debug|x86
		{A640913A-EB88-40D4-9DAA-028D7B56E218}.Debug|x86.Build.0 = Debug|x86
		{A640913A-EB88-40D4-9DAA-028D7B56E218}.Release|Any CPU.ActiveCfg = Release|Any CPU
		{A640913A-EB88-40D4-9DAA-028D7B56E218}.Release|Any CPU.Build.0 = Release|Any CPU
		{A640913A-EB88-40D4-9DAA-028D7B56E218}.Release|ARM.ActiveCfg = Release|ARM
		{A640913A-EB88-40D4-9DAA-028D7B56E218}.Release|ARM.Build.0 = Release|ARM
		{A640913A-EB88-40D4-9DAA-028D7B56E218}.Release|ARM64.ActiveCfg = Release|ARM64
		{A640913A-EB88-40D4-9DAA-028D7B56E218}.Release|ARM64.Build.0 = Release|ARM64
		{A640913A-EB88-40D4-9DAA-028D7B56E218}.Release|x64.ActiveCfg = Release|x64
		{A640913A-EB88-40D4-9DAA-028D7B56E218}.Release|x64.Build.0 = Release|x64
		{A640913A-EB88-40D4-9DAA-028D7B56E218}.Release|x86.ActiveCfg = Release|x86
		{A640913A-EB88-40D4-9DAA-028D7B56E218}.Release|x86.Build.0 = Release|x86
		{197A805C-9924-46C7-90D1-A9334B4A386D}.Debug|Any CPU.ActiveCfg = Debug|Any CPU
		{197A805C-9924-46C7-90D1-A9334B4A386D}.Debug|Any CPU.Build.0 = Debug|Any CPU
		{197A805C-9924-46C7-90D1-A9334B4A386D}.Debug|ARM.ActiveCfg = Debug|ARM
		{197A805C-9924-46C7-90D1-A9334B4A386D}.Debug|ARM.Build.0 = Debug|ARM
		{197A805C-9924-46C7-90D1-A9334B4A386D}.Debug|ARM64.ActiveCfg = Debug|ARM64
		{197A805C-9924-46C7-90D1-A9334B4A386D}.Debug|ARM64.Build.0 = Debug|ARM64
		{197A805C-9924-46C7-90D1-A9334B4A386D}.Debug|x64.ActiveCfg = Debug|x64
		{197A805C-9924-46C7-90D1-A9334B4A386D}.Debug|x64.Build.0 = Debug|x64
		{197A805C-9924-46C7-90D1-A9334B4A386D}.Debug|x86.ActiveCfg = Debug|x86
		{197A805C-9924-46C7-90D1-A9334B4A386D}.Debug|x86.Build.0 = Debug|x86
		{197A805C-9924-46C7-90D1-A9334B4A386D}.Release|Any CPU.ActiveCfg = Release|Any CPU
		{197A805C-9924-46C7-90D1-A9334B4A386D}.Release|Any CPU.Build.0 = Release|Any CPU
		{197A805C-9924-46C7-90D1-A9334B4A386D}.Release|ARM.ActiveCfg = Release|ARM
		{197A805C-9924-46C7-90D1-A9334B4A386D}.Release|ARM.Build.0 = Release|ARM
		{197A805C-9924-46C7-90D1-A9334B4A386D}.Release|ARM64.ActiveCfg = Release|ARM64
		{197A805C-9924-46C7-90D1-A9334B4A386D}.Release|ARM64.Build.0 = Release|ARM64
		{197A805C-9924-46C7-90D1-A9334B4A386D}.Release|x64.ActiveCfg = Release|x64
		{197A805C-9924-46C7-90D1-A9334B4A386D}.Release|x64.Build.0 = Release|x64
		{197A805C-9924-46C7-90D1-A9334B4A386D}.Release|x86.ActiveCfg = Release|x86
		{197A805C-9924-46C7-90D1-A9334B4A386D}.Release|x86.Build.0 = Release|x86
	EndGlobalSection
	GlobalSection(SolutionProperties) = preSolution
		HideSolutionNode = FALSE
	EndGlobalSection
	GlobalSection(ExtensibilityGlobals) = postSolution
		SolutionGuid = {79E6A65A-E329-4259-B16F-729C66C370BB}
	EndGlobalSection
EndGlobal
